
Microsoft Visual Studio Solution File, Format Version 12.00
# Visual Studio Version 16
VisualStudioVersion = 16.0.30503.244
MinimumVisualStudioVersion = 10.0.40219.1
Project("{FAE04EC0-301F-11D3-BF4B-00C04F79EFBC}") = "Assign4GitHub", "Assign4GitHub\Assign4GitHub.csproj", "{8295F4AA-D812-4CA5-9517-14600ED4638F}"
EndProject
Global
	GlobalSection(SolutionConfigurationPlatforms) = preSolution
		Debug|Any CPU = Debug|Any CPU
		Release|Any CPU = Release|Any CPU
	EndGlobalSection
	GlobalSection(ProjectConfigurationPlatforms) = postSolution
		{8295F4AA-D812-4CA5-9517-14600ED4638F}.Debug|Any CPU.ActiveCfg = Debug|Any CPU
		{8295F4AA-D812-4CA5-9517-14600ED4638F}.Debug|Any CPU.Build.0 = Debug|Any CPU
		{8295F4AA-D812-4CA5-9517-14600ED4638F}.Release|Any CPU.ActiveCfg = Release|Any CPU
		{8295F4AA-D812-4CA5-9517-14600ED4638F}.Release|Any CPU.Build.0 = Release|Any CPU
	EndGlobalSection
	GlobalSection(SolutionProperties) = preSolution
		HideSolutionNode = FALSE
	EndGlobalSection
	GlobalSection(ExtensibilityGlobals) = postSolution
		SolutionGuid = {F43A480B-C618-4A9F-AF89-FC85E6D94006}
	EndGlobalSection
EndGlobal
